// !$*UTF8*$!
{
	archiveVersion = 1;
	classes = {
	};
	objectVersion = 46;
	objects = {

/* Begin PBXBuildFile section */
		01ba1e30eb4246e272ebfb68 /* AppDelegate.m in Sources */ = {isa = PBXBuildFile; fileRef = FAFDA5761A26745A00377585 /* AppDelegate.m */; };
		07e5ee5c6801f9c470c74a4b /* DAWordsViewController.m in Sources */ = {isa = PBXBuildFile; fileRef = FA45AFDB1A26842C00F6EF8E /* DAWordsViewController.m */; };
		3bd72cb05df27d90f6384f86 /* DAAPIService.m in Sources */ = {isa = PBXBuildFile; fileRef = FA45AFF51A2689F400F6EF8E /* DAAPIService.m */; };
		49995c37506767b786ab18d4 /* DAProgressView.m in Sources */ = {isa = PBXBuildFile; fileRef = FA11CBBB1A2BD2F9006D4B45 /* DAProgressView.m */; };
		542f9160dd9ed6e9c918fe4a /* libPods-DictApp.a in Frameworks */ = {isa = PBXBuildFile; fileRef = 106DBF15CA4F4498869202FE /* libPods-DictApp.a */; };
		54f1e191eb128b0e852ab19a /* UIStoryboard+Utils.m in Sources */ = {isa = PBXBuildFile; fileRef = FA45AFED1A26849100F6EF8E /* UIStoryboard+Utils.m */; };
		581038f6d5d1c179c7ae47be /* Images.xcassets in Resources */ = {isa = PBXBuildFile; fileRef = FA45AFE61A26845800F6EF8E /* Images.xcassets */; };
		5E45D0B77594D73DD2027DD6 /* libPods-DictApp.a in Frameworks */ = {isa = PBXBuildFile; fileRef = 106DBF15CA4F4498869202FE /* libPods-DictApp.a */; };
		61cd39b1c00292caf4859a75 /* Spec.md in Sources */ = {isa = PBXBuildFile; fileRef = 6735CD6E1D47F0AB00D7216A /* Spec.md */; };
		6735CD6F1D47F0AB00D7216A /* Spec.md in Sources */ = {isa = PBXBuildFile; fileRef = 6735CD6E1D47F0AB00D7216A /* Spec.md */; };
		6735CD771D47F67300D7216A /* XC_UITests.m in Sources */ = {isa = PBXBuildFile; fileRef = 6735CD761D47F67300D7216A /* XC_UITests.m */; };
		679BE5141D4A0E94004F802E /* App_UnitTest.m in Sources */ = {isa = PBXBuildFile; fileRef = 679BE5131D4A0E94004F802E /* App_UnitTest.m */; };
		679BE51D1D4A108C004F802E /* WordSpec.mm in Sources */ = {isa = PBXBuildFile; fileRef = 679BE51C1D4A108C004F802E /* WordSpec.mm */; };
		679BE5261D4A11BC004F802E /* main.m in Sources */ = {isa = PBXBuildFile; fileRef = 679BE5251D4A11BC004F802E /* main.m */; };
		679BE5391D4A1226004F802E /* DAWord.m in Sources */ = {isa = PBXBuildFile; fileRef = FA45AFD31A26840F00F6EF8E /* DAWord.m */; };
		679BE53A1D4A1313004F802E /* WordSpec.mm in Sources */ = {isa = PBXBuildFile; fileRef = 679BE51C1D4A108C004F802E /* WordSpec.mm */; };
		7422c363387f9d5ab7e875f2 /* CFNetwork.framework in Frameworks */ = {isa = PBXBuildFile; fileRef = 070df42efc3dc2898d533013 /* CFNetwork.framework */; };
		7ea9bfde669eca41ef3ab88d /* DACheckbox.m in Sources */ = {isa = PBXBuildFile; fileRef = FA45AFDE1A26842C00F6EF8E /* DACheckbox.m */; };
		8a20190c064c83eca2ddb22e /* main.m in Sources */ = {isa = PBXBuildFile; fileRef = FAFDA5731A26745A00377585 /* main.m */; };
		91d0b659236870308034515c /* DAPlacehoderView.m in Sources */ = {isa = PBXBuildFile; fileRef = FA45B0011A2B9A7200F6EF8E /* DAPlacehoderView.m */; };
		CBB0559FA76742A6A41D8B59 /* libPods-Cedar_UnitTest.a in Frameworks */ = {isa = PBXBuildFile; fileRef = 60230EC178F919ECDF649A34 /* libPods-Cedar_UnitTest.a */; };
		FA11CBBC1A2BD2F9006D4B45 /* DAProgressView.m in Sources */ = {isa = PBXBuildFile; fileRef = FA11CBBB1A2BD2F9006D4B45 /* DAProgressView.m */; };
		FA11CBBF1A2BD92F006D4B45 /* DACardView.m in Sources */ = {isa = PBXBuildFile; fileRef = FA11CBBE1A2BD92F006D4B45 /* DACardView.m */; };
		FA45AFD41A26840F00F6EF8E /* DAWord.m in Sources */ = {isa = PBXBuildFile; fileRef = FA45AFD31A26840F00F6EF8E /* DAWord.m */; };
		FA45AFDF1A26842C00F6EF8E /* DACardsViewController.m in Sources */ = {isa = PBXBuildFile; fileRef = FA45AFD91A26842C00F6EF8E /* DACardsViewController.m */; };
		FA45AFE01A26842C00F6EF8E /* DAWordsViewController.m in Sources */ = {isa = PBXBuildFile; fileRef = FA45AFDB1A26842C00F6EF8E /* DAWordsViewController.m */; };
		FA45AFE11A26842C00F6EF8E /* DACheckbox.m in Sources */ = {isa = PBXBuildFile; fileRef = FA45AFDE1A26842C00F6EF8E /* DACheckbox.m */; };
		FA45AFE71A26845800F6EF8E /* Main.storyboard in Resources */ = {isa = PBXBuildFile; fileRef = FA45AFE41A26845800F6EF8E /* Main.storyboard */; };
		FA45AFE81A26845800F6EF8E /* Images.xcassets in Resources */ = {isa = PBXBuildFile; fileRef = FA45AFE61A26845800F6EF8E /* Images.xcassets */; };
		FA45AFEB1A26847500F6EF8E /* DAUtils.m in Sources */ = {isa = PBXBuildFile; fileRef = FA45AFEA1A26847500F6EF8E /* DAUtils.m */; };
		FA45AFEE1A26849100F6EF8E /* UIStoryboard+Utils.m in Sources */ = {isa = PBXBuildFile; fileRef = FA45AFED1A26849100F6EF8E /* UIStoryboard+Utils.m */; };
		FA45AFF11A2685DC00F6EF8E /* DAVocabulary.m in Sources */ = {isa = PBXBuildFile; fileRef = FA45AFF01A2685DC00F6EF8E /* DAVocabulary.m */; };
		FA45AFF61A2689F400F6EF8E /* DAAPIService.m in Sources */ = {isa = PBXBuildFile; fileRef = FA45AFF51A2689F400F6EF8E /* DAAPIService.m */; };
		FA45AFF91A268A5B00F6EF8E /* DAAPIMethods.m in Sources */ = {isa = PBXBuildFile; fileRef = FA45AFF81A268A5B00F6EF8E /* DAAPIMethods.m */; };
		FA45AFFF1A2B8EA800F6EF8E /* DAWordTableViewCell.m in Sources */ = {isa = PBXBuildFile; fileRef = FA45AFFE1A2B8EA800F6EF8E /* DAWordTableViewCell.m */; };
		FA45B0021A2B9A7200F6EF8E /* DAPlacehoderView.m in Sources */ = {isa = PBXBuildFile; fileRef = FA45B0011A2B9A7200F6EF8E /* DAPlacehoderView.m */; };
		FA45B0051A2B9D4000F6EF8E /* DACounterView.m in Sources */ = {isa = PBXBuildFile; fileRef = FA45B0041A2B9D4000F6EF8E /* DACounterView.m */; };
		FAFDA5741A26745A00377585 /* main.m in Sources */ = {isa = PBXBuildFile; fileRef = FAFDA5731A26745A00377585 /* main.m */; };
		FAFDA5771A26745A00377585 /* AppDelegate.m in Sources */ = {isa = PBXBuildFile; fileRef = FAFDA5761A26745A00377585 /* AppDelegate.m */; };
		a1d4932a5a5b6711255ed0d5 /* DAWord.m in Sources */ = {isa = PBXBuildFile; fileRef = FA45AFD31A26840F00F6EF8E /* DAWord.m */; };
		a70a0cf0b21c6abaedc6fa40 /* DACounterView.m in Sources */ = {isa = PBXBuildFile; fileRef = FA45B0041A2B9D4000F6EF8E /* DACounterView.m */; };
		a7f95756919909d71f068926 /* DAVocabulary.m in Sources */ = {isa = PBXBuildFile; fileRef = FA45AFF01A2685DC00F6EF8E /* DAVocabulary.m */; };
		aa9c7dfd7646fc39273b90fa /* calabash.framework in Frameworks */ = {isa = PBXBuildFile; fileRef = 6b29d7dd1e53bcf61b18c448 /* calabash.framework */; };
		af1f90b88a560979b639d8de /* WordSpec.mm in Sources */ = {isa = PBXBuildFile; fileRef = 679BE51C1D4A108C004F802E /* WordSpec.mm */; };
		b121ce5982fd70636f8601c9 /* DAAPIMethods.m in Sources */ = {isa = PBXBuildFile; fileRef = FA45AFF81A268A5B00F6EF8E /* DAAPIMethods.m */; };
		c96e9aff761a26f7721c0f07 /* DACardsViewController.m in Sources */ = {isa = PBXBuildFile; fileRef = FA45AFD91A26842C00F6EF8E /* DACardsViewController.m */; };
		cb068e65cda0bd1940177860 /* DAUtils.m in Sources */ = {isa = PBXBuildFile; fileRef = FA45AFEA1A26847500F6EF8E /* DAUtils.m */; };
		eeb4e74ed11563a36a038eb3 /* Main.storyboard in Resources */ = {isa = PBXBuildFile; fileRef = FA45AFE41A26845800F6EF8E /* Main.storyboard */; };
		fe689c1549ba54e3313dab2b /* DAWordTableViewCell.m in Sources */ = {isa = PBXBuildFile; fileRef = FA45AFFE1A2B8EA800F6EF8E /* DAWordTableViewCell.m */; };
		fe7829aadb6e109bbaecf5ed /* DACardView.m in Sources */ = {isa = PBXBuildFile; fileRef = FA11CBBE1A2BD92F006D4B45 /* DACardView.m */; };
/* End PBXBuildFile section */

/* Begin PBXContainerItemProxy section */
		6735CD791D47F67300D7216A /* PBXContainerItemProxy */ = {
			isa = PBXContainerItemProxy;
			containerPortal = FAFDA5661A26745A00377585 /* Project object */;
			proxyType = 1;
			remoteGlobalIDString = FAFDA56D1A26745A00377585;
			remoteInfo = DictApp;
		};
		679BE5161D4A0E94004F802E /* PBXContainerItemProxy */ = {
			isa = PBXContainerItemProxy;
			containerPortal = FAFDA5661A26745A00377585 /* Project object */;
			proxyType = 1;
			remoteGlobalIDString = FAFDA56D1A26745A00377585;
			remoteInfo = DictApp;
		};
/* End PBXContainerItemProxy section */

/* Begin PBXFileReference section */
		070df42efc3dc2898d533013 /* CFNetwork.framework */ = {isa = PBXFileReference; fileEncoding = 4; lastKnownFileType = wrapper.framework; name = CFNetwork.framework; path = System/Library/Frameworks/CFNetwork.framework; sourceTree = SDKROOT; };
		106DBF15CA4F4498869202FE /* libPods-DictApp.a */ = {isa = PBXFileReference; explicitFileType = archive.ar; includeInIndex = 0; path = "libPods-DictApp.a"; sourceTree = BUILT_PRODUCTS_DIR; };
		47E706EA5FD203B167C2F2BB /* Pods-Cedar_UnitTest.debug.xcconfig */ = {isa = PBXFileReference; includeInIndex = 1; lastKnownFileType = text.xcconfig; name = "Pods-Cedar_UnitTest.debug.xcconfig"; path = "Pods/Target Support Files/Pods-Cedar_UnitTest/Pods-Cedar_UnitTest.debug.xcconfig"; sourceTree = "<group>"; };
		4C0A378D5BD058370EB21B97 /* Pods-DictApp.release.xcconfig */ = {isa = PBXFileReference; includeInIndex = 1; lastKnownFileType = text.xcconfig; name = "Pods-DictApp.release.xcconfig"; path = "Pods/Target Support Files/Pods-DictApp/Pods-DictApp.release.xcconfig"; sourceTree = "<group>"; };
		60230EC178F919ECDF649A34 /* libPods-Cedar_UnitTest.a */ = {isa = PBXFileReference; explicitFileType = archive.ar; includeInIndex = 0; path = "libPods-Cedar_UnitTest.a"; sourceTree = BUILT_PRODUCTS_DIR; };
		6735CD6E1D47F0AB00D7216A /* Spec.md */ = {isa = PBXFileReference; fileEncoding = 4; lastKnownFileType = net.daringfireball.markdown; path = Spec.md; sourceTree = "<group>"; };
		6735CD741D47F67300D7216A /* App_UITests.xctest */ = {isa = PBXFileReference; explicitFileType = wrapper.cfbundle; includeInIndex = 0; path = App_UITests.xctest; sourceTree = BUILT_PRODUCTS_DIR; };
		6735CD761D47F67300D7216A /* XC_UITests.m */ = {isa = PBXFileReference; lastKnownFileType = sourcecode.c.objc; path = XC_UITests.m; sourceTree = "<group>"; };
		6735CD781D47F67300D7216A /* Info.plist */ = {isa = PBXFileReference; lastKnownFileType = text.plist.xml; path = Info.plist; sourceTree = "<group>"; };
		679BE5111D4A0E93004F802E /* App_UnitTests.xctest */ = {isa = PBXFileReference; explicitFileType = wrapper.cfbundle; includeInIndex = 0; path = App_UnitTests.xctest; sourceTree = BUILT_PRODUCTS_DIR; };
		679BE5131D4A0E94004F802E /* App_UnitTest.m */ = {isa = PBXFileReference; lastKnownFileType = sourcecode.c.objc; path = App_UnitTest.m; sourceTree = "<group>"; };
		679BE5151D4A0E94004F802E /* Info.plist */ = {isa = PBXFileReference; lastKnownFileType = text.plist.xml; path = Info.plist; sourceTree = "<group>"; };
		679BE51C1D4A108C004F802E /* WordSpec.mm */ = {isa = PBXFileReference; fileEncoding = 4; lastKnownFileType = sourcecode.cpp.objcpp; name = WordSpec.mm; path = ../Specs/Cedar/WordSpec.mm; sourceTree = "<group>"; };
		679BE5221D4A11BC004F802E /* Cedar_UnitTest.app */ = {isa = PBXFileReference; explicitFileType = wrapper.application; includeInIndex = 0; path = Cedar_UnitTest.app; sourceTree = BUILT_PRODUCTS_DIR; };
		679BE5251D4A11BC004F802E /* main.m */ = {isa = PBXFileReference; lastKnownFileType = sourcecode.c.objc; path = main.m; sourceTree = "<group>"; };
		679BE5351D4A11BC004F802E /* Info.plist */ = {isa = PBXFileReference; lastKnownFileType = text.plist.xml; path = Info.plist; sourceTree = "<group>"; };
		679BE53C1D4A15E9004F802E /* DictApp-cal.app */ = {isa = PBXFileReference; explicitFileType = wrapper.application; includeInIndex = 0; path = "DictApp-cal.app"; sourceTree = BUILT_PRODUCTS_DIR; };
		679BE53F1D4A1628004F802E /* Learn2Words.feature */ = {isa = PBXFileReference; fileEncoding = 4; lastKnownFileType = text; path = Learn2Words.feature; sourceTree = "<group>"; xcLanguageSpecificationIdentifier = xcode.lang.ruby; };
		679BE5411D4A1628004F802E /* sample_steps.rb */ = {isa = PBXFileReference; fileEncoding = 4; lastKnownFileType = text.script.ruby; path = sample_steps.rb; sourceTree = "<group>"; };
		679BE5431D4A1628004F802E /* 01_launch.rb */ = {isa = PBXFileReference; fileEncoding = 4; lastKnownFileType = text.script.ruby; path = 01_launch.rb; sourceTree = "<group>"; };
		679BE5441D4A1628004F802E /* dry_run.rb */ = {isa = PBXFileReference; fileEncoding = 4; lastKnownFileType = text.script.ruby; path = dry_run.rb; sourceTree = "<group>"; };
		679BE5451D4A1628004F802E /* env.rb */ = {isa = PBXFileReference; fileEncoding = 4; lastKnownFileType = text.script.ruby; path = env.rb; sourceTree = "<group>"; };
		679BE5471D4A1628004F802E /* cucumber.rb */ = {isa = PBXFileReference; fileEncoding = 4; lastKnownFileType = text.script.ruby; path = cucumber.rb; sourceTree = "<group>"; };
		6b29d7dd1e53bcf61b18c448 /* calabash.framework */ = {isa = PBXFileReference; fileEncoding = 4; lastKnownFileType = wrapper.framework; path = calabash.framework; sourceTree = "<group>"; };
		749E394B080773D9465843EE /* Pods-Cedar_UnitTest.release.xcconfig */ = {isa = PBXFileReference; includeInIndex = 1; lastKnownFileType = text.xcconfig; name = "Pods-Cedar_UnitTest.release.xcconfig"; path = "Pods/Target Support Files/Pods-Cedar_UnitTest/Pods-Cedar_UnitTest.release.xcconfig"; sourceTree = "<group>"; };
		86F32FE7760C9B1FEF4FE1EA /* Pods-DictApp.debug.xcconfig */ = {isa = PBXFileReference; includeInIndex = 1; lastKnownFileType = text.xcconfig; name = "Pods-DictApp.debug.xcconfig"; path = "Pods/Target Support Files/Pods-DictApp/Pods-DictApp.debug.xcconfig"; sourceTree = "<group>"; };
		D0FC8F0E96410308C2D08DEE /* Pods-DictApp.debug.xcconfig */ = {isa = PBXFileReference; includeInIndex = 1; lastKnownFileType = text.xcconfig; name = "Pods-DictApp.debug.xcconfig"; path = "Pods/Target Support Files/Pods-DictApp/Pods-DictApp.debug.xcconfig"; sourceTree = "<group>"; };
		F584B039D44908EB9028910C /* Pods-DictApp.release.xcconfig */ = {isa = PBXFileReference; includeInIndex = 1; lastKnownFileType = text.xcconfig; name = "Pods-DictApp.release.xcconfig"; path = "Pods/Target Support Files/Pods-DictApp/Pods-DictApp.release.xcconfig"; sourceTree = "<group>"; };
		FA11CBBA1A2BD2F9006D4B45 /* DAProgressView.h */ = {isa = PBXFileReference; fileEncoding = 4; lastKnownFileType = sourcecode.c.h; path = DAProgressView.h; sourceTree = "<group>"; };
		FA11CBBB1A2BD2F9006D4B45 /* DAProgressView.m */ = {isa = PBXFileReference; fileEncoding = 4; lastKnownFileType = sourcecode.c.objc; path = DAProgressView.m; sourceTree = "<group>"; };
		FA11CBBD1A2BD92F006D4B45 /* DACardView.h */ = {isa = PBXFileReference; fileEncoding = 4; lastKnownFileType = sourcecode.c.h; path = DACardView.h; sourceTree = "<group>"; };
		FA11CBBE1A2BD92F006D4B45 /* DACardView.m */ = {isa = PBXFileReference; fileEncoding = 4; lastKnownFileType = sourcecode.c.objc; path = DACardView.m; sourceTree = "<group>"; };
		FA45AFD21A26840F00F6EF8E /* DAWord.h */ = {isa = PBXFileReference; fileEncoding = 4; lastKnownFileType = sourcecode.c.h; path = DAWord.h; sourceTree = "<group>"; };
		FA45AFD31A26840F00F6EF8E /* DAWord.m */ = {isa = PBXFileReference; fileEncoding = 4; lastKnownFileType = sourcecode.c.objc; path = DAWord.m; sourceTree = "<group>"; };
		FA45AFD51A26841900F6EF8E /* Info.plist */ = {isa = PBXFileReference; fileEncoding = 4; lastKnownFileType = text.plist.xml; name = Info.plist; path = Resources/Info.plist; sourceTree = "<group>"; };
		FA45AFD81A26842C00F6EF8E /* DACardsViewController.h */ = {isa = PBXFileReference; fileEncoding = 4; lastKnownFileType = sourcecode.c.h; path = DACardsViewController.h; sourceTree = "<group>"; };
		FA45AFD91A26842C00F6EF8E /* DACardsViewController.m */ = {isa = PBXFileReference; fileEncoding = 4; lastKnownFileType = sourcecode.c.objc; path = DACardsViewController.m; sourceTree = "<group>"; };
		FA45AFDA1A26842C00F6EF8E /* DAWordsViewController.h */ = {isa = PBXFileReference; fileEncoding = 4; lastKnownFileType = sourcecode.c.h; path = DAWordsViewController.h; sourceTree = "<group>"; };
		FA45AFDB1A26842C00F6EF8E /* DAWordsViewController.m */ = {isa = PBXFileReference; fileEncoding = 4; lastKnownFileType = sourcecode.c.objc; path = DAWordsViewController.m; sourceTree = "<group>"; };
		FA45AFDD1A26842C00F6EF8E /* DACheckbox.h */ = {isa = PBXFileReference; fileEncoding = 4; lastKnownFileType = sourcecode.c.h; path = DACheckbox.h; sourceTree = "<group>"; };
		FA45AFDE1A26842C00F6EF8E /* DACheckbox.m */ = {isa = PBXFileReference; fileEncoding = 4; lastKnownFileType = sourcecode.c.objc; path = DACheckbox.m; sourceTree = "<group>"; };
		FA45AFE51A26845800F6EF8E /* Base */ = {isa = PBXFileReference; lastKnownFileType = file.storyboard; name = Base; path = Main.storyboard; sourceTree = "<group>"; };
		FA45AFE61A26845800F6EF8E /* Images.xcassets */ = {isa = PBXFileReference; lastKnownFileType = folder.assetcatalog; name = Images.xcassets; path = DictApp/Resources/Images.xcassets; sourceTree = "<group>"; };
		FA45AFE91A26847500F6EF8E /* DAUtils.h */ = {isa = PBXFileReference; fileEncoding = 4; lastKnownFileType = sourcecode.c.h; path = DAUtils.h; sourceTree = "<group>"; };
		FA45AFEA1A26847500F6EF8E /* DAUtils.m */ = {isa = PBXFileReference; fileEncoding = 4; lastKnownFileType = sourcecode.c.objc; path = DAUtils.m; sourceTree = "<group>"; };
		FA45AFEC1A26849100F6EF8E /* UIStoryboard+Utils.h */ = {isa = PBXFileReference; fileEncoding = 4; lastKnownFileType = sourcecode.c.h; path = "UIStoryboard+Utils.h"; sourceTree = "<group>"; };
		FA45AFED1A26849100F6EF8E /* UIStoryboard+Utils.m */ = {isa = PBXFileReference; fileEncoding = 4; lastKnownFileType = sourcecode.c.objc; path = "UIStoryboard+Utils.m"; sourceTree = "<group>"; };
		FA45AFEF1A2685DC00F6EF8E /* DAVocabulary.h */ = {isa = PBXFileReference; fileEncoding = 4; lastKnownFileType = sourcecode.c.h; path = DAVocabulary.h; sourceTree = "<group>"; };
		FA45AFF01A2685DC00F6EF8E /* DAVocabulary.m */ = {isa = PBXFileReference; fileEncoding = 4; lastKnownFileType = sourcecode.c.objc; path = DAVocabulary.m; sourceTree = "<group>"; };
		FA45AFF41A2689F400F6EF8E /* DAAPIService.h */ = {isa = PBXFileReference; fileEncoding = 4; lastKnownFileType = sourcecode.c.h; path = DAAPIService.h; sourceTree = "<group>"; };
		FA45AFF51A2689F400F6EF8E /* DAAPIService.m */ = {isa = PBXFileReference; fileEncoding = 4; lastKnownFileType = sourcecode.c.objc; path = DAAPIService.m; sourceTree = "<group>"; };
		FA45AFF71A268A5B00F6EF8E /* DAAPIMethods.h */ = {isa = PBXFileReference; fileEncoding = 4; lastKnownFileType = sourcecode.c.h; path = DAAPIMethods.h; sourceTree = "<group>"; };
		FA45AFF81A268A5B00F6EF8E /* DAAPIMethods.m */ = {isa = PBXFileReference; fileEncoding = 4; lastKnownFileType = sourcecode.c.objc; path = DAAPIMethods.m; sourceTree = "<group>"; };
		FA45AFFD1A2B8EA800F6EF8E /* DAWordTableViewCell.h */ = {isa = PBXFileReference; fileEncoding = 4; lastKnownFileType = sourcecode.c.h; path = DAWordTableViewCell.h; sourceTree = "<group>"; };
		FA45AFFE1A2B8EA800F6EF8E /* DAWordTableViewCell.m */ = {isa = PBXFileReference; fileEncoding = 4; lastKnownFileType = sourcecode.c.objc; path = DAWordTableViewCell.m; sourceTree = "<group>"; };
		FA45B0001A2B9A7200F6EF8E /* DAPlacehoderView.h */ = {isa = PBXFileReference; fileEncoding = 4; lastKnownFileType = sourcecode.c.h; path = DAPlacehoderView.h; sourceTree = "<group>"; };
		FA45B0011A2B9A7200F6EF8E /* DAPlacehoderView.m */ = {isa = PBXFileReference; fileEncoding = 4; lastKnownFileType = sourcecode.c.objc; path = DAPlacehoderView.m; sourceTree = "<group>"; };
		FA45B0031A2B9D4000F6EF8E /* DACounterView.h */ = {isa = PBXFileReference; fileEncoding = 4; lastKnownFileType = sourcecode.c.h; path = DACounterView.h; sourceTree = "<group>"; };
		FA45B0041A2B9D4000F6EF8E /* DACounterView.m */ = {isa = PBXFileReference; fileEncoding = 4; lastKnownFileType = sourcecode.c.objc; path = DACounterView.m; sourceTree = "<group>"; };
		FAFDA56E1A26745A00377585 /* DictApp.app */ = {isa = PBXFileReference; explicitFileType = wrapper.application; includeInIndex = 0; path = DictApp.app; sourceTree = BUILT_PRODUCTS_DIR; };
		FAFDA5731A26745A00377585 /* main.m */ = {isa = PBXFileReference; lastKnownFileType = sourcecode.c.objc; path = main.m; sourceTree = "<group>"; };
		FAFDA5751A26745A00377585 /* AppDelegate.h */ = {isa = PBXFileReference; lastKnownFileType = sourcecode.c.h; path = AppDelegate.h; sourceTree = "<group>"; };
		FAFDA5761A26745A00377585 /* AppDelegate.m */ = {isa = PBXFileReference; lastKnownFileType = sourcecode.c.objc; path = AppDelegate.m; sourceTree = "<group>"; };
/* End PBXFileReference section */

/* Begin PBXFrameworksBuildPhase section */
		6735CD711D47F67300D7216A /* Frameworks */ = {
			isa = PBXFrameworksBuildPhase;
			buildActionMask = 2147483647;
			files = (
			);
			runOnlyForDeploymentPostprocessing = 0;
		};
		679BE50E1D4A0E93004F802E /* Frameworks */ = {
			isa = PBXFrameworksBuildPhase;
			buildActionMask = 2147483647;
			files = (
			);
			runOnlyForDeploymentPostprocessing = 0;
		};
		679BE51F1D4A11BC004F802E /* Frameworks */ = {
			isa = PBXFrameworksBuildPhase;
			buildActionMask = 2147483647;
			files = (
				CBB0559FA76742A6A41D8B59 /* libPods-Cedar_UnitTest.a in Frameworks */,
			);
			runOnlyForDeploymentPostprocessing = 0;
		};
		FAFDA56B1A26745A00377585 /* Frameworks */ = {
			isa = PBXFrameworksBuildPhase;
			buildActionMask = 2147483647;
			files = (
				5E45D0B77594D73DD2027DD6 /* libPods-DictApp.a in Frameworks */,
			);
			runOnlyForDeploymentPostprocessing = 0;
		};
		db90a93b8c537b575c717a60 /* Frameworks */ = {
			isa = PBXFrameworksBuildPhase;
			buildActionMask = 2147483647;
			files = (
				542f9160dd9ed6e9c918fe4a /* libPods-DictApp.a in Frameworks */,
				7422c363387f9d5ab7e875f2 /* CFNetwork.framework in Frameworks */,
				aa9c7dfd7646fc39273b90fa /* calabash.framework in Frameworks */,
			);
			runOnlyForDeploymentPostprocessing = 0;
		};
/* End PBXFrameworksBuildPhase section */

/* Begin PBXGroup section */
		462571AB60473645549D1DA2 /* Pods */ = {
			isa = PBXGroup;
			children = (
				D0FC8F0E96410308C2D08DEE /* Pods-DictApp.debug.xcconfig */,
				F584B039D44908EB9028910C /* Pods-DictApp.release.xcconfig */,
			);
			name = Pods;
			sourceTree = "<group>";
		};
		6735CD751D47F67300D7216A /* XC_UITests */ = {
			isa = PBXGroup;
			children = (
				6735CD761D47F67300D7216A /* XC_UITests.m */,
				6735CD781D47F67300D7216A /* Info.plist */,
			);
			name = XC_UITests;
			path = DictApp_UITests;
			sourceTree = "<group>";
		};
		6735CD7E1D47F67F00D7216A /* Tests */ = {
			isa = PBXGroup;
			children = (
				679BE53D1D4A1606004F802E /* Calabash_UITests */,
				679BE5231D4A11BC004F802E /* Cedar_UnitTest */,
				679BE5121D4A0E94004F802E /* XC_UnitTest */,
				6735CD751D47F67300D7216A /* XC_UITests */,
			);
			name = Tests;
			sourceTree = "<group>";
		};
		679BE5121D4A0E94004F802E /* XC_UnitTest */ = {
			isa = PBXGroup;
			children = (
				679BE5131D4A0E94004F802E /* App_UnitTest.m */,
				679BE5151D4A0E94004F802E /* Info.plist */,
			);
			name = XC_UnitTest;
			path = App_UnitTest;
			sourceTree = "<group>";
		};
		679BE5231D4A11BC004F802E /* Cedar_UnitTest */ = {
			isa = PBXGroup;
			children = (
				679BE51C1D4A108C004F802E /* WordSpec.mm */,
				679BE5251D4A11BC004F802E /* main.m */,
				679BE5351D4A11BC004F802E /* Info.plist */,
			);
			path = Cedar_UnitTest;
			sourceTree = "<group>";
		};
		679BE53D1D4A1606004F802E /* Calabash_UITests */ = {
			isa = PBXGroup;
			children = (
				679BE53E1D4A1628004F802E /* features */,
			);
			name = Calabash_UITests;
			sourceTree = "<group>";
		};
		679BE53E1D4A1628004F802E /* features */ = {
			isa = PBXGroup;
			children = (
				679BE53F1D4A1628004F802E /* Learn2Words.feature */,
				679BE5401D4A1628004F802E /* steps */,
				679BE5421D4A1628004F802E /* support */,
			);
			path = features;
			sourceTree = "<group>";
		};
		679BE5401D4A1628004F802E /* steps */ = {
			isa = PBXGroup;
			children = (
				679BE5411D4A1628004F802E /* sample_steps.rb */,
			);
			path = steps;
			sourceTree = "<group>";
		};
		679BE5421D4A1628004F802E /* support */ = {
			isa = PBXGroup;
			children = (
				679BE5431D4A1628004F802E /* 01_launch.rb */,
				679BE5441D4A1628004F802E /* dry_run.rb */,
				679BE5451D4A1628004F802E /* env.rb */,
				679BE5461D4A1628004F802E /* patches */,
			);
			path = support;
			sourceTree = "<group>";
		};
		679BE5461D4A1628004F802E /* patches */ = {
			isa = PBXGroup;
			children = (
				679BE5471D4A1628004F802E /* cucumber.rb */,
			);
			path = patches;
			sourceTree = "<group>";
		};
		B8AD88B6BB0026B0A46DBAFE /* Frameworks */ = {
			isa = PBXGroup;
			children = (
				462571AB60473645549D1DA2 /* Pods */,
				106DBF15CA4F4498869202FE /* libPods-DictApp.a */,
				60230EC178F919ECDF649A34 /* libPods-Cedar_UnitTest.a */,
				070df42efc3dc2898d533013 /* CFNetwork.framework */,
				6b29d7dd1e53bcf61b18c448 /* calabash.framework */,
			);
			name = Frameworks;
			sourceTree = "<group>";
		};
		EE4B190C2C2A8D578B1B7985 /* Pods */ = {
			isa = PBXGroup;
			children = (
				86F32FE7760C9B1FEF4FE1EA /* Pods-DictApp.debug.xcconfig */,
				4C0A378D5BD058370EB21B97 /* Pods-DictApp.release.xcconfig */,
				47E706EA5FD203B167C2F2BB /* Pods-Cedar_UnitTest.debug.xcconfig */,
				749E394B080773D9465843EE /* Pods-Cedar_UnitTest.release.xcconfig */,
			);
			name = Pods;
			sourceTree = "<group>";
		};
		FA45AFD11A26840F00F6EF8E /* Model */ = {
			isa = PBXGroup;
			children = (
				FA45AFF31A2689C100F6EF8E /* Data */,
				FA45AFF21A26899000F6EF8E /* Network */,
			);
			path = Model;
			sourceTree = "<group>";
		};
		FA45AFD71A26842C00F6EF8E /* Controllers */ = {
			isa = PBXGroup;
			children = (
				FA45AFDA1A26842C00F6EF8E /* DAWordsViewController.h */,
				FA45AFDB1A26842C00F6EF8E /* DAWordsViewController.m */,
				FA45AFD81A26842C00F6EF8E /* DACardsViewController.h */,
				FA45AFD91A26842C00F6EF8E /* DACardsViewController.m */,
			);
			path = Controllers;
			sourceTree = "<group>";
		};
		FA45AFDC1A26842C00F6EF8E /* Views */ = {
			isa = PBXGroup;
			children = (
				FA45AFDD1A26842C00F6EF8E /* DACheckbox.h */,
				FA45AFDE1A26842C00F6EF8E /* DACheckbox.m */,
				FA45AFFD1A2B8EA800F6EF8E /* DAWordTableViewCell.h */,
				FA45AFFE1A2B8EA800F6EF8E /* DAWordTableViewCell.m */,
				FA45B0001A2B9A7200F6EF8E /* DAPlacehoderView.h */,
				FA45B0011A2B9A7200F6EF8E /* DAPlacehoderView.m */,
				FA45B0031A2B9D4000F6EF8E /* DACounterView.h */,
				FA45B0041A2B9D4000F6EF8E /* DACounterView.m */,
				FA11CBBA1A2BD2F9006D4B45 /* DAProgressView.h */,
				FA11CBBB1A2BD2F9006D4B45 /* DAProgressView.m */,
				FA11CBBD1A2BD92F006D4B45 /* DACardView.h */,
				FA11CBBE1A2BD92F006D4B45 /* DACardView.m */,
			);
			path = Views;
			sourceTree = "<group>";
		};
		FA45AFE21A26843F00F6EF8E /* Utils */ = {
			isa = PBXGroup;
			children = (
				FA45AFE91A26847500F6EF8E /* DAUtils.h */,
				FA45AFEA1A26847500F6EF8E /* DAUtils.m */,
				FA45AFEC1A26849100F6EF8E /* UIStoryboard+Utils.h */,
				FA45AFED1A26849100F6EF8E /* UIStoryboard+Utils.m */,
			);
			name = Utils;
			path = DictApp/Utils;
			sourceTree = SOURCE_ROOT;
		};
		FA45AFF21A26899000F6EF8E /* Network */ = {
			isa = PBXGroup;
			children = (
				FA45AFF41A2689F400F6EF8E /* DAAPIService.h */,
				FA45AFF51A2689F400F6EF8E /* DAAPIService.m */,
				FA45AFF71A268A5B00F6EF8E /* DAAPIMethods.h */,
				FA45AFF81A268A5B00F6EF8E /* DAAPIMethods.m */,
			);
			name = Network;
			sourceTree = "<group>";
		};
		FA45AFF31A2689C100F6EF8E /* Data */ = {
			isa = PBXGroup;
			children = (
				FA45AFD21A26840F00F6EF8E /* DAWord.h */,
				FA45AFD31A26840F00F6EF8E /* DAWord.m */,
				FA45AFEF1A2685DC00F6EF8E /* DAVocabulary.h */,
				FA45AFF01A2685DC00F6EF8E /* DAVocabulary.m */,
			);
			name = Data;
			sourceTree = "<group>";
		};
		FAFDA5651A26745A00377585 = {
			isa = PBXGroup;
			children = (
				6735CD6E1D47F0AB00D7216A /* Spec.md */,
				FAFDA5701A26745A00377585 /* DictApp */,
				FAFDA5D81A267BD300377585 /* Resources */,
				B8AD88B6BB0026B0A46DBAFE /* Frameworks */,
				6735CD7E1D47F67F00D7216A /* Tests */,
				FAFDA56F1A26745A00377585 /* Products */,
				EE4B190C2C2A8D578B1B7985 /* Pods */,
			);
			sourceTree = "<group>";
		};
		FAFDA56F1A26745A00377585 /* Products */ = {
			isa = PBXGroup;
			children = (
				FAFDA56E1A26745A00377585 /* DictApp.app */,
				6735CD741D47F67300D7216A /* App_UITests.xctest */,
				679BE5111D4A0E93004F802E /* App_UnitTests.xctest */,
				679BE5221D4A11BC004F802E /* Cedar_UnitTest.app */,
				679BE53C1D4A15E9004F802E /* DictApp-cal.app */,
			);
			name = Products;
			sourceTree = "<group>";
		};
		FAFDA5701A26745A00377585 /* DictApp */ = {
			isa = PBXGroup;
			children = (
				FAFDA5711A26745A00377585 /* Meta */,
				FA45AFD11A26840F00F6EF8E /* Model */,
				FA45AFD71A26842C00F6EF8E /* Controllers */,
				FA45AFDC1A26842C00F6EF8E /* Views */,
				FA45AFE21A26843F00F6EF8E /* Utils */,
				FAFDA5751A26745A00377585 /* AppDelegate.h */,
				FAFDA5761A26745A00377585 /* AppDelegate.m */,
				FAFDA5731A26745A00377585 /* main.m */,
			);
			path = DictApp;
			sourceTree = "<group>";
		};
		FAFDA5711A26745A00377585 /* Meta */ = {
			isa = PBXGroup;
			children = (
				FA45AFD51A26841900F6EF8E /* Info.plist */,
			);
			name = Meta;
			sourceTree = "<group>";
		};
		FAFDA5D81A267BD300377585 /* Resources */ = {
			isa = PBXGroup;
			children = (
				FA45AFE41A26845800F6EF8E /* Main.storyboard */,
				FA45AFE61A26845800F6EF8E /* Images.xcassets */,
			);
			name = Resources;
			sourceTree = "<group>";
		};
/* End PBXGroup section */

/* Begin PBXNativeTarget section */
		6735CD731D47F67300D7216A /* App_UITests */ = {
			isa = PBXNativeTarget;
			buildConfigurationList = 6735CD7B1D47F67300D7216A /* Build configuration list for PBXNativeTarget "App_UITests" */;
			buildPhases = (
				6735CD701D47F67300D7216A /* Sources */,
				6735CD711D47F67300D7216A /* Frameworks */,
				6735CD721D47F67300D7216A /* Resources */,
			);
			buildRules = (
			);
			dependencies = (
				6735CD7A1D47F67300D7216A /* PBXTargetDependency */,
			);
			name = App_UITests;
			productName = DictApp_UITests;
			productReference = 6735CD741D47F67300D7216A /* App_UITests.xctest */;
			productType = "com.apple.product-type.bundle.ui-testing";
		};
		679BE5101D4A0E93004F802E /* App_UnitTests */ = {
			isa = PBXNativeTarget;
			buildConfigurationList = 679BE51A1D4A0E94004F802E /* Build configuration list for PBXNativeTarget "App_UnitTests" */;
			buildPhases = (
				679BE50D1D4A0E93004F802E /* Sources */,
				679BE50E1D4A0E93004F802E /* Frameworks */,
				679BE50F1D4A0E93004F802E /* Resources */,
			);
			buildRules = (
			);
			dependencies = (
				679BE5171D4A0E94004F802E /* PBXTargetDependency */,
			);
			name = App_UnitTests;
			productName = App_UnitTest;
			productReference = 679BE5111D4A0E93004F802E /* App_UnitTests.xctest */;
			productType = "com.apple.product-type.bundle.unit-test";
		};
		679BE5211D4A11BC004F802E /* Cedar_UnitTest */ = {
			isa = PBXNativeTarget;
			buildConfigurationList = 679BE5361D4A11BC004F802E /* Build configuration list for PBXNativeTarget "Cedar_UnitTest" */;
			buildPhases = (
				85A4886BBD78D69E298272A5 /* [CP] Check Pods Manifest.lock */,
				679BE51E1D4A11BC004F802E /* Sources */,
				679BE51F1D4A11BC004F802E /* Frameworks */,
				679BE5201D4A11BC004F802E /* Resources */,
				6E4C1B120CD376976C93573F /* [CP] Embed Pods Frameworks */,
				71A2BC9EAED5BE832F780E23 /* [CP] Copy Pods Resources */,
			);
			buildRules = (
			);
			dependencies = (
			);
			name = Cedar_UnitTest;
			productName = Cedar_UnitTest;
			productReference = 679BE5221D4A11BC004F802E /* Cedar_UnitTest.app */;
			productType = "com.apple.product-type.application";
		};
		FAFDA56D1A26745A00377585 /* DictApp */ = {
			isa = PBXNativeTarget;
			buildConfigurationList = FAFDA5911A26745A00377585 /* Build configuration list for PBXNativeTarget "DictApp" */;
			buildPhases = (
				E5684205ADCE5FD3833C7F55 /* [CP] Check Pods Manifest.lock */,
				FAFDA56A1A26745A00377585 /* Sources */,
				FAFDA56B1A26745A00377585 /* Frameworks */,
				FAFDA56C1A26745A00377585 /* Resources */,
				8178D4BCED5275AC4B85E0FC /* [CP] Copy Pods Resources */,
				0997A106FFE47D7BE505B304 /* [CP] Embed Pods Frameworks */,
			);
			buildRules = (
			);
			dependencies = (
			);
			name = DictApp;
			productName = DictApp;
			productReference = FAFDA56E1A26745A00377585 /* DictApp.app */;
			productType = "com.apple.product-type.application";
		};
		b39ade9df3b6024bce64e4f7 /* DictApp-cal */ = {
			isa = PBXNativeTarget;
			buildConfigurationList = 3aa74ed6149eb5defef51fe7 /* Build configuration list for PBXNativeTarget "DictApp-cal" */;
			buildPhases = (
				4e7082cd13bcb65f79452b9c /* [CP] Check Pods Manifest.lock */,
				30da32878d78b0c704752b7b /* Sources */,
				db90a93b8c537b575c717a60 /* Frameworks */,
				c5269172b8e58672084e904c /* Resources */,
				fd2ca8320955713464b40a14 /* [CP] Copy Pods Resources */,
				99637324b3ac02f503afd5da /* [CP] Embed Pods Frameworks */,
			);
			buildRules = (
			);
			dependencies = (
			);
			name = "DictApp-cal";
			productName = "DictApp-cal";
			productReference = 679BE53C1D4A15E9004F802E /* DictApp-cal.app */;
			productType = "com.apple.product-type.application";
		};
/* End PBXNativeTarget section */

/* Begin PBXProject section */
		FAFDA5661A26745A00377585 /* Project object */ = {
			isa = PBXProject;
			attributes = {
				LastUpgradeCheck = 0730;
				ORGANIZATIONNAME = Nazaroff;
				TargetAttributes = {
					6735CD731D47F67300D7216A = {
						CreatedOnToolsVersion = 7.3.1;
						TestTargetID = FAFDA56D1A26745A00377585;
					};
					679BE5101D4A0E93004F802E = {
						CreatedOnToolsVersion = 7.3.1;
						TestTargetID = FAFDA56D1A26745A00377585;
					};
					679BE5211D4A11BC004F802E = {
						CreatedOnToolsVersion = 7.3.1;
					};
					FAFDA56D1A26745A00377585 = {
						CreatedOnToolsVersion = 6.1;
						DevelopmentTeam = ZL896XYJDT;
					};
				};
			};
			buildConfigurationList = FAFDA5691A26745A00377585 /* Build configuration list for PBXProject "DictApp" */;
			compatibilityVersion = "Xcode 3.2";
			developmentRegion = English;
			hasScannedForEncodings = 0;
			knownRegions = (
				en,
				Base,
			);
			mainGroup = FAFDA5651A26745A00377585;
			productRefGroup = FAFDA56F1A26745A00377585 /* Products */;
			projectDirPath = "";
			projectRoot = "";
			targets = (
				FAFDA56D1A26745A00377585 /* DictApp */,
				6735CD731D47F67300D7216A /* App_UITests */,
				679BE5101D4A0E93004F802E /* App_UnitTests */,
				679BE5211D4A11BC004F802E /* Cedar_UnitTest */,
				b39ade9df3b6024bce64e4f7 /* DictApp-cal */,
			);
		};
/* End PBXProject section */

/* Begin PBXResourcesBuildPhase section */
		6735CD721D47F67300D7216A /* Resources */ = {
			isa = PBXResourcesBuildPhase;
			buildActionMask = 2147483647;
			files = (
			);
			runOnlyForDeploymentPostprocessing = 0;
		};
		679BE50F1D4A0E93004F802E /* Resources */ = {
			isa = PBXResourcesBuildPhase;
			buildActionMask = 2147483647;
			files = (
			);
			runOnlyForDeploymentPostprocessing = 0;
		};
		679BE5201D4A11BC004F802E /* Resources */ = {
			isa = PBXResourcesBuildPhase;
			buildActionMask = 2147483647;
			files = (
			);
			runOnlyForDeploymentPostprocessing = 0;
		};
		FAFDA56C1A26745A00377585 /* Resources */ = {
			isa = PBXResourcesBuildPhase;
			buildActionMask = 2147483647;
			files = (
				FA45AFE81A26845800F6EF8E /* Images.xcassets in Resources */,
				FA45AFE71A26845800F6EF8E /* Main.storyboard in Resources */,
			);
			runOnlyForDeploymentPostprocessing = 0;
		};
		c5269172b8e58672084e904c /* Resources */ = {
			isa = PBXResourcesBuildPhase;
			buildActionMask = 2147483647;
			files = (
				581038f6d5d1c179c7ae47be /* Images.xcassets in Resources */,
				eeb4e74ed11563a36a038eb3 /* Main.storyboard in Resources */,
			);
			runOnlyForDeploymentPostprocessing = 0;
		};
/* End PBXResourcesBuildPhase section */

/* Begin PBXShellScriptBuildPhase section */
		0997A106FFE47D7BE505B304 /* [CP] Embed Pods Frameworks */ = {
			isa = PBXShellScriptBuildPhase;
			buildActionMask = 2147483647;
			files = (
			);
			inputPaths = (
			);
			name = "[CP] Embed Pods Frameworks";
			outputPaths = (
			);
			runOnlyForDeploymentPostprocessing = 0;
			shellPath = /bin/sh;
			shellScript = "\"${SRCROOT}/Pods/Target Support Files/Pods-DictApp/Pods-DictApp-frameworks.sh\"\n";
			showEnvVarsInLog = 0;
		};
		4e7082cd13bcb65f79452b9c /* [CP] Check Pods Manifest.lock */ = {
			isa = PBXShellScriptBuildPhase;
			buildActionMask = 2147483647;
			files = (
			);
			inputPaths = (
			);
			name = "[CP] Check Pods Manifest.lock";
			outputPaths = (
			);
			runOnlyForDeploymentPostprocessing = 0;
			shellPath = /bin/sh;
			shellScript = "diff \"${PODS_ROOT}/../Podfile.lock\" \"${PODS_ROOT}/Manifest.lock\" > /dev/null\nif [[ $? != 0 ]] ; then\n    cat << EOM\nerror: The sandbox is not in sync with the Podfile.lock. Run 'pod install' or update your CocoaPods installation.\nEOM\n    exit 1\nfi\n";
			showEnvVarsInLog = 0;
		};
		6E4C1B120CD376976C93573F /* [CP] Embed Pods Frameworks */ = {
			isa = PBXShellScriptBuildPhase;
			buildActionMask = 2147483647;
			files = (
			);
			inputPaths = (
			);
			name = "[CP] Embed Pods Frameworks";
			outputPaths = (
			);
			runOnlyForDeploymentPostprocessing = 0;
			shellPath = /bin/sh;
			shellScript = "\"${SRCROOT}/Pods/Target Support Files/Pods-Cedar_UnitTest/Pods-Cedar_UnitTest-frameworks.sh\"\n";
			showEnvVarsInLog = 0;
		};
		71A2BC9EAED5BE832F780E23 /* [CP] Copy Pods Resources */ = {
			isa = PBXShellScriptBuildPhase;
			buildActionMask = 2147483647;
			files = (
			);
			inputPaths = (
			);
			name = "[CP] Copy Pods Resources";
			outputPaths = (
			);
			runOnlyForDeploymentPostprocessing = 0;
			shellPath = /bin/sh;
			shellScript = "\"${SRCROOT}/Pods/Target Support Files/Pods-Cedar_UnitTest/Pods-Cedar_UnitTest-resources.sh\"\n";
			showEnvVarsInLog = 0;
		};
		8178D4BCED5275AC4B85E0FC /* [CP] Copy Pods Resources */ = {
			isa = PBXShellScriptBuildPhase;
			buildActionMask = 2147483647;
			files = (
			);
			inputPaths = (
			);
			name = "[CP] Copy Pods Resources";
			outputPaths = (
			);
			runOnlyForDeploymentPostprocessing = 0;
			shellPath = /bin/sh;
			shellScript = "\"${SRCROOT}/Pods/Target Support Files/Pods-DictApp/Pods-DictApp-resources.sh\"\n";
			showEnvVarsInLog = 0;
		};
		85A4886BBD78D69E298272A5 /* [CP] Check Pods Manifest.lock */ = {
			isa = PBXShellScriptBuildPhase;
			buildActionMask = 2147483647;
			files = (
			);
			inputPaths = (
			);
			name = "[CP] Check Pods Manifest.lock";
			outputPaths = (
			);
			runOnlyForDeploymentPostprocessing = 0;
			shellPath = /bin/sh;
			shellScript = "diff \"${PODS_ROOT}/../Podfile.lock\" \"${PODS_ROOT}/Manifest.lock\" > /dev/null\nif [[ $? != 0 ]] ; then\n    cat << EOM\nerror: The sandbox is not in sync with the Podfile.lock. Run 'pod install' or update your CocoaPods installation.\nEOM\n    exit 1\nfi\n";
			showEnvVarsInLog = 0;
		};
		99637324b3ac02f503afd5da /* [CP] Embed Pods Frameworks */ = {
			isa = PBXShellScriptBuildPhase;
			buildActionMask = 2147483647;
			files = (
			);
			inputPaths = (
			);
			name = "[CP] Embed Pods Frameworks";
			outputPaths = (
			);
			runOnlyForDeploymentPostprocessing = 0;
			shellPath = /bin/sh;
			shellScript = "\"${SRCROOT}/Pods/Target Support Files/Pods-DictApp/Pods-DictApp-frameworks.sh\"\n";
			showEnvVarsInLog = 0;
		};
		E5684205ADCE5FD3833C7F55 /* [CP] Check Pods Manifest.lock */ = {
			isa = PBXShellScriptBuildPhase;
			buildActionMask = 2147483647;
			files = (
			);
			inputPaths = (
			);
			name = "[CP] Check Pods Manifest.lock";
			outputPaths = (
			);
			runOnlyForDeploymentPostprocessing = 0;
			shellPath = /bin/sh;
			shellScript = "diff \"${PODS_ROOT}/../Podfile.lock\" \"${PODS_ROOT}/Manifest.lock\" > /dev/null\nif [[ $? != 0 ]] ; then\n    cat << EOM\nerror: The sandbox is not in sync with the Podfile.lock. Run 'pod install' or update your CocoaPods installation.\nEOM\n    exit 1\nfi\n";
			showEnvVarsInLog = 0;
		};
		fd2ca8320955713464b40a14 /* [CP] Copy Pods Resources */ = {
			isa = PBXShellScriptBuildPhase;
			buildActionMask = 2147483647;
			files = (
			);
			inputPaths = (
			);
			name = "[CP] Copy Pods Resources";
			outputPaths = (
			);
			runOnlyForDeploymentPostprocessing = 0;
			shellPath = /bin/sh;
			shellScript = "\"${SRCROOT}/Pods/Target Support Files/Pods-DictApp/Pods-DictApp-resources.sh\"\n";
			showEnvVarsInLog = 0;
		};
/* End PBXShellScriptBuildPhase section */

/* Begin PBXSourcesBuildPhase section */
		30da32878d78b0c704752b7b /* Sources */ = {
			isa = PBXSourcesBuildPhase;
			buildActionMask = 2147483647;
			files = (
				a70a0cf0b21c6abaedc6fa40 /* DACounterView.m in Sources */,
				fe7829aadb6e109bbaecf5ed /* DACardView.m in Sources */,
				fe689c1549ba54e3313dab2b /* DAWordTableViewCell.m in Sources */,
				07e5ee5c6801f9c470c74a4b /* DAWordsViewController.m in Sources */,
				a7f95756919909d71f068926 /* DAVocabulary.m in Sources */,
				cb068e65cda0bd1940177860 /* DAUtils.m in Sources */,
				61cd39b1c00292caf4859a75 /* Spec.md in Sources */,
				7ea9bfde669eca41ef3ab88d /* DACheckbox.m in Sources */,
				01ba1e30eb4246e272ebfb68 /* AppDelegate.m in Sources */,
				b121ce5982fd70636f8601c9 /* DAAPIMethods.m in Sources */,
				49995c37506767b786ab18d4 /* DAProgressView.m in Sources */,
				3bd72cb05df27d90f6384f86 /* DAAPIService.m in Sources */,
				8a20190c064c83eca2ddb22e /* main.m in Sources */,
				a1d4932a5a5b6711255ed0d5 /* DAWord.m in Sources */,
				c96e9aff761a26f7721c0f07 /* DACardsViewController.m in Sources */,
				54f1e191eb128b0e852ab19a /* UIStoryboard+Utils.m in Sources */,
				af1f90b88a560979b639d8de /* WordSpec.mm in Sources */,
				91d0b659236870308034515c /* DAPlacehoderView.m in Sources */,
			);
			runOnlyForDeploymentPostprocessing = 0;
		};
		6735CD701D47F67300D7216A /* Sources */ = {
			isa = PBXSourcesBuildPhase;
			buildActionMask = 2147483647;
			files = (
				6735CD771D47F67300D7216A /* XC_UITests.m in Sources */,
			);
			runOnlyForDeploymentPostprocessing = 0;
		};
		679BE50D1D4A0E93004F802E /* Sources */ = {
			isa = PBXSourcesBuildPhase;
			buildActionMask = 2147483647;
			files = (
				679BE5141D4A0E94004F802E /* App_UnitTest.m in Sources */,
			);
			runOnlyForDeploymentPostprocessing = 0;
		};
		679BE51E1D4A11BC004F802E /* Sources */ = {
			isa = PBXSourcesBuildPhase;
			buildActionMask = 2147483647;
			files = (
				679BE5391D4A1226004F802E /* DAWord.m in Sources */,
				679BE53A1D4A1313004F802E /* WordSpec.mm in Sources */,
				679BE5261D4A11BC004F802E /* main.m in Sources */,
			);
			runOnlyForDeploymentPostprocessing = 0;
		};
		FAFDA56A1A26745A00377585 /* Sources */ = {
			isa = PBXSourcesBuildPhase;
			buildActionMask = 2147483647;
			files = (
				FA45B0051A2B9D4000F6EF8E /* DACounterView.m in Sources */,
				FA11CBBF1A2BD92F006D4B45 /* DACardView.m in Sources */,
				FA45AFFF1A2B8EA800F6EF8E /* DAWordTableViewCell.m in Sources */,
				FA45AFE01A26842C00F6EF8E /* DAWordsViewController.m in Sources */,
				FA45AFF11A2685DC00F6EF8E /* DAVocabulary.m in Sources */,
				FA45AFEB1A26847500F6EF8E /* DAUtils.m in Sources */,
				6735CD6F1D47F0AB00D7216A /* Spec.md in Sources */,
				FA45AFE11A26842C00F6EF8E /* DACheckbox.m in Sources */,
				FAFDA5771A26745A00377585 /* AppDelegate.m in Sources */,
				FA45AFF91A268A5B00F6EF8E /* DAAPIMethods.m in Sources */,
				FA11CBBC1A2BD2F9006D4B45 /* DAProgressView.m in Sources */,
				FA45AFF61A2689F400F6EF8E /* DAAPIService.m in Sources */,
				FAFDA5741A26745A00377585 /* main.m in Sources */,
				FA45AFD41A26840F00F6EF8E /* DAWord.m in Sources */,
				FA45AFDF1A26842C00F6EF8E /* DACardsViewController.m in Sources */,
				FA45AFEE1A26849100F6EF8E /* UIStoryboard+Utils.m in Sources */,
				679BE51D1D4A108C004F802E /* WordSpec.mm in Sources */,
				FA45B0021A2B9A7200F6EF8E /* DAPlacehoderView.m in Sources */,
			);
			runOnlyForDeploymentPostprocessing = 0;
		};
/* End PBXSourcesBuildPhase section */

/* Begin PBXTargetDependency section */
		6735CD7A1D47F67300D7216A /* PBXTargetDependency */ = {
			isa = PBXTargetDependency;
			target = FAFDA56D1A26745A00377585 /* DictApp */;
			targetProxy = 6735CD791D47F67300D7216A /* PBXContainerItemProxy */;
		};
		679BE5171D4A0E94004F802E /* PBXTargetDependency */ = {
			isa = PBXTargetDependency;
			target = FAFDA56D1A26745A00377585 /* DictApp */;
			targetProxy = 679BE5161D4A0E94004F802E /* PBXContainerItemProxy */;
		};
/* End PBXTargetDependency section */

/* Begin PBXVariantGroup section */
		FA45AFE41A26845800F6EF8E /* Main.storyboard */ = {
			isa = PBXVariantGroup;
			children = (
				FA45AFE51A26845800F6EF8E /* Base */,
			);
			name = Main.storyboard;
			path = DictApp/Resources/Base.lproj;
			sourceTree = "<group>";
		};
/* End PBXVariantGroup section */

/* Begin XCBuildConfiguration section */
		6735CD7C1D47F67300D7216A /* Debug */ = {
			isa = XCBuildConfiguration;
			buildSettings = {
				CLANG_ANALYZER_NONNULL = YES;
				DEBUG_INFORMATION_FORMAT = dwarf;
				GCC_NO_COMMON_BLOCKS = YES;
				INFOPLIST_FILE = DictApp_UITests/Info.plist;
				IPHONEOS_DEPLOYMENT_TARGET = 9.3;
				LD_RUNPATH_SEARCH_PATHS = "$(inherited) @executable_path/Frameworks @loader_path/Frameworks";
				PRODUCT_BUNDLE_IDENTIFIER = "com.nazaroff.DictApp-UITests";
				PRODUCT_NAME = "$(TARGET_NAME)";
				PROVISIONING_PROFILE = "5e5d2cca-d46b-4d70-9c3a-e3013a51127a";
				TEST_TARGET_NAME = DictApp;
			};
			name = Debug;
		};
		6735CD7D1D47F67300D7216A /* Release */ = {
			isa = XCBuildConfiguration;
			buildSettings = {
				CLANG_ANALYZER_NONNULL = YES;
				COPY_PHASE_STRIP = NO;
				DEBUG_INFORMATION_FORMAT = "dwarf-with-dsym";
				GCC_NO_COMMON_BLOCKS = YES;
				INFOPLIST_FILE = DictApp_UITests/Info.plist;
				IPHONEOS_DEPLOYMENT_TARGET = 9.3;
				LD_RUNPATH_SEARCH_PATHS = "$(inherited) @executable_path/Frameworks @loader_path/Frameworks";
				PRODUCT_BUNDLE_IDENTIFIER = "com.nazaroff.DictApp-UITests";
				PRODUCT_NAME = "$(TARGET_NAME)";
				PROVISIONING_PROFILE = "5e5d2cca-d46b-4d70-9c3a-e3013a51127a";
				TEST_TARGET_NAME = DictApp;
			};
			name = Release;
		};
		679BE5181D4A0E94004F802E /* Debug */ = {
			isa = XCBuildConfiguration;
			buildSettings = {
				BUNDLE_LOADER = "$(TEST_HOST)";
				CLANG_ANALYZER_NONNULL = YES;
				DEBUG_INFORMATION_FORMAT = dwarf;
				GCC_NO_COMMON_BLOCKS = YES;
				INFOPLIST_FILE = App_UnitTest/Info.plist;
				IPHONEOS_DEPLOYMENT_TARGET = 9.3;
				LD_RUNPATH_SEARCH_PATHS = "$(inherited) @executable_path/Frameworks @loader_path/Frameworks";
				PRODUCT_BUNDLE_IDENTIFIER = "com.nazaroff.App-UnitTest";
				PRODUCT_NAME = "$(TARGET_NAME)";
				TEST_HOST = "$(BUILT_PRODUCTS_DIR)/DictApp.app/DictApp";
			};
			name = Debug;
		};
		679BE5191D4A0E94004F802E /* Release */ = {
			isa = XCBuildConfiguration;
			buildSettings = {
				BUNDLE_LOADER = "$(TEST_HOST)";
				CLANG_ANALYZER_NONNULL = YES;
				COPY_PHASE_STRIP = NO;
				DEBUG_INFORMATION_FORMAT = "dwarf-with-dsym";
				GCC_NO_COMMON_BLOCKS = YES;
				INFOPLIST_FILE = App_UnitTest/Info.plist;
				IPHONEOS_DEPLOYMENT_TARGET = 9.3;
				LD_RUNPATH_SEARCH_PATHS = "$(inherited) @executable_path/Frameworks @loader_path/Frameworks";
				PRODUCT_BUNDLE_IDENTIFIER = "com.nazaroff.App-UnitTest";
				PRODUCT_NAME = "$(TARGET_NAME)";
				TEST_HOST = "$(BUILT_PRODUCTS_DIR)/DictApp.app/DictApp";
			};
			name = Release;
		};
		679BE5371D4A11BC004F802E /* Debug */ = {
			isa = XCBuildConfiguration;
			baseConfigurationReference = 47E706EA5FD203B167C2F2BB /* Pods-Cedar_UnitTest.debug.xcconfig */;
			buildSettings = {
				CLANG_ANALYZER_NONNULL = YES;
				DEBUG_INFORMATION_FORMAT = dwarf;
				GCC_NO_COMMON_BLOCKS = YES;
				INFOPLIST_FILE = Cedar_UnitTest/Info.plist;
				IPHONEOS_DEPLOYMENT_TARGET = 9.3;
				LD_RUNPATH_SEARCH_PATHS = "$(inherited) @executable_path/Frameworks";
				PRODUCT_BUNDLE_IDENTIFIER = "com.nazaroff.Cedar-UnitTest";
				PRODUCT_NAME = "$(TARGET_NAME)";
				TARGETED_DEVICE_FAMILY = "1,2";
			};
			name = Debug;
		};
		679BE5381D4A11BC004F802E /* Release */ = {
			isa = XCBuildConfiguration;
			baseConfigurationReference = 749E394B080773D9465843EE /* Pods-Cedar_UnitTest.release.xcconfig */;
			buildSettings = {
				CLANG_ANALYZER_NONNULL = YES;
				COPY_PHASE_STRIP = NO;
				DEBUG_INFORMATION_FORMAT = "dwarf-with-dsym";
				GCC_NO_COMMON_BLOCKS = YES;
				INFOPLIST_FILE = Cedar_UnitTest/Info.plist;
				IPHONEOS_DEPLOYMENT_TARGET = 9.3;
				LD_RUNPATH_SEARCH_PATHS = "$(inherited) @executable_path/Frameworks";
				PRODUCT_BUNDLE_IDENTIFIER = "com.nazaroff.Cedar-UnitTest";
				PRODUCT_NAME = "$(TARGET_NAME)";
				TARGETED_DEVICE_FAMILY = "1,2";
			};
			name = Release;
		};
		FAFDA58F1A26745A00377585 /* Debug */ = {
			isa = XCBuildConfiguration;
			buildSettings = {
				ALWAYS_SEARCH_USER_PATHS = NO;
				CLANG_CXX_LANGUAGE_STANDARD = "gnu++0x";
				CLANG_CXX_LIBRARY = "libc++";
				CLANG_ENABLE_MODULES = YES;
				CLANG_ENABLE_OBJC_ARC = YES;
				CLANG_WARN_BOOL_CONVERSION = YES;
				CLANG_WARN_CONSTANT_CONVERSION = YES;
				CLANG_WARN_DIRECT_OBJC_ISA_USAGE = YES_ERROR;
				CLANG_WARN_EMPTY_BODY = YES;
				CLANG_WARN_ENUM_CONVERSION = YES;
				CLANG_WARN_INT_CONVERSION = YES;
				CLANG_WARN_OBJC_ROOT_CLASS = YES_ERROR;
				CLANG_WARN_UNREACHABLE_CODE = YES;
				CLANG_WARN__DUPLICATE_METHOD_MATCH = YES;
				"CODE_SIGN_IDENTITY[sdk=iphoneos*]" = "iPhone Developer";
				COPY_PHASE_STRIP = NO;
				ENABLE_STRICT_OBJC_MSGSEND = YES;
				ENABLE_TESTABILITY = YES;
				GCC_C_LANGUAGE_STANDARD = gnu99;
				GCC_DYNAMIC_NO_PIC = NO;
				GCC_OPTIMIZATION_LEVEL = 0;
				GCC_PREPROCESSOR_DEFINITIONS = (
					"DEBUG=1",
					"$(inherited)",
				);
				GCC_SYMBOLS_PRIVATE_EXTERN = NO;
				GCC_WARN_64_TO_32_BIT_CONVERSION = YES;
				GCC_WARN_ABOUT_RETURN_TYPE = YES_ERROR;
				GCC_WARN_UNDECLARED_SELECTOR = YES;
				GCC_WARN_UNINITIALIZED_AUTOS = YES_AGGRESSIVE;
				GCC_WARN_UNUSED_FUNCTION = YES;
				GCC_WARN_UNUSED_VARIABLE = YES;
				IPHONEOS_DEPLOYMENT_TARGET = 9.0;
				MTL_ENABLE_DEBUG_INFO = YES;
				ONLY_ACTIVE_ARCH = YES;
				SDKROOT = iphoneos;
			};
			name = Debug;
		};
		FAFDA5901A26745A00377585 /* Release */ = {
			isa = XCBuildConfiguration;
			buildSettings = {
				ALWAYS_SEARCH_USER_PATHS = NO;
				CLANG_CXX_LANGUAGE_STANDARD = "gnu++0x";
				CLANG_CXX_LIBRARY = "libc++";
				CLANG_ENABLE_MODULES = YES;
				CLANG_ENABLE_OBJC_ARC = YES;
				CLANG_WARN_BOOL_CONVERSION = YES;
				CLANG_WARN_CONSTANT_CONVERSION = YES;
				CLANG_WARN_DIRECT_OBJC_ISA_USAGE = YES_ERROR;
				CLANG_WARN_EMPTY_BODY = YES;
				CLANG_WARN_ENUM_CONVERSION = YES;
				CLANG_WARN_INT_CONVERSION = YES;
				CLANG_WARN_OBJC_ROOT_CLASS = YES_ERROR;
				CLANG_WARN_UNREACHABLE_CODE = YES;
				CLANG_WARN__DUPLICATE_METHOD_MATCH = YES;
				"CODE_SIGN_IDENTITY[sdk=iphoneos*]" = "iPhone Developer";
				COPY_PHASE_STRIP = YES;
				ENABLE_NS_ASSERTIONS = NO;
				ENABLE_STRICT_OBJC_MSGSEND = YES;
				GCC_C_LANGUAGE_STANDARD = gnu99;
				GCC_WARN_64_TO_32_BIT_CONVERSION = YES;
				GCC_WARN_ABOUT_RETURN_TYPE = YES_ERROR;
				GCC_WARN_UNDECLARED_SELECTOR = YES;
				GCC_WARN_UNINITIALIZED_AUTOS = YES_AGGRESSIVE;
				GCC_WARN_UNUSED_FUNCTION = YES;
				GCC_WARN_UNUSED_VARIABLE = YES;
				IPHONEOS_DEPLOYMENT_TARGET = 9.0;
				MTL_ENABLE_DEBUG_INFO = NO;
				SDKROOT = iphoneos;
				VALIDATE_PRODUCT = YES;
			};
			name = Release;
		};
		FAFDA5921A26745A00377585 /* Debug */ = {
			isa = XCBuildConfiguration;
			baseConfigurationReference = D0FC8F0E96410308C2D08DEE /* Pods-DictApp.debug.xcconfig */;
			buildSettings = {
				ASSETCATALOG_COMPILER_APPICON_NAME = AppIcon;
				ASSETCATALOG_COMPILER_LAUNCHIMAGE_NAME = LaunchImage;
				CODE_SIGN_IDENTITY = "iPhone Developer";
				INFOPLIST_FILE = DictApp/Resources/Info.plist;
				IPHONEOS_DEPLOYMENT_TARGET = 7.0;
				LD_RUNPATH_SEARCH_PATHS = "$(inherited) @executable_path/Frameworks";
				PRODUCT_BUNDLE_IDENTIFIER = "ru.alosha.$(PRODUCT_NAME:rfc1034identifier)";
				PRODUCT_NAME = "$(TARGET_NAME)";
				PROVISIONING_PROFILE = "5e5d2cca-d46b-4d70-9c3a-e3013a51127a";
			};
			name = Debug;
		};
		FAFDA5931A26745A00377585 /* Release */ = {
			isa = XCBuildConfiguration;
			baseConfigurationReference = F584B039D44908EB9028910C /* Pods-DictApp.release.xcconfig */;
			buildSettings = {
				ASSETCATALOG_COMPILER_APPICON_NAME = AppIcon;
				ASSETCATALOG_COMPILER_LAUNCHIMAGE_NAME = LaunchImage;
				CODE_SIGN_IDENTITY = "iPhone Developer";
				INFOPLIST_FILE = DictApp/Resources/Info.plist;
				IPHONEOS_DEPLOYMENT_TARGET = 7.0;
				LD_RUNPATH_SEARCH_PATHS = "$(inherited) @executable_path/Frameworks";
				PRODUCT_BUNDLE_IDENTIFIER = "ru.alosha.$(PRODUCT_NAME:rfc1034identifier)";
				PRODUCT_NAME = "$(TARGET_NAME)";
				PROVISIONING_PROFILE = "5e5d2cca-d46b-4d70-9c3a-e3013a51127a";
			};
			name = Release;
		};
		c3ac0db9069dae8ecead1774 /* Release */ = {
			isa = XCBuildConfiguration;
			baseConfigurationReference = F584B039D44908EB9028910C /* Pods-DictApp.release.xcconfig */;
			buildSettings = {
				ASSETCATALOG_COMPILER_APPICON_NAME = AppIcon;
				ASSETCATALOG_COMPILER_LAUNCHIMAGE_NAME = LaunchImage;
				CODE_SIGN_IDENTITY = "iPhone Developer";
				FRAMEWORK_SEARCH_PATHS = (
					"$(inherited)",
					"\"$(SRCROOT)\"",
				);
				INFOPLIST_FILE = DictApp/Resources/Info.plist;
				IPHONEOS_DEPLOYMENT_TARGET = 7.0;
				LD_RUNPATH_SEARCH_PATHS = "$(inherited) @executable_path/Frameworks";
				OTHER_LDFLAGS = (
					"$(inherited)",
					"-force_load",
					"\"$(SRCROOT)/calabash.framework/calabash\"",
					"-lstdc++",
				);
				PRODUCT_BUNDLE_IDENTIFIER = "ru.alosha.$(PRODUCT_NAME:rfc1034identifier)";
				PRODUCT_NAME = "$(TARGET_NAME)";
				PROVISIONING_PROFILE = "5e5d2cca-d46b-4d70-9c3a-e3013a51127a";
			};
			name = Release;
		};
		f0738cf0e9569bf06e89a5e1 /* Debug */ = {
			isa = XCBuildConfiguration;
			baseConfigurationReference = D0FC8F0E96410308C2D08DEE /* Pods-DictApp.debug.xcconfig */;
			buildSettings = {
				ASSETCATALOG_COMPILER_APPICON_NAME = AppIcon;
				ASSETCATALOG_COMPILER_LAUNCHIMAGE_NAME = LaunchImage;
				CODE_SIGN_IDENTITY = "iPhone Developer";
				FRAMEWORK_SEARCH_PATHS = (
					"$(inherited)",
					"\"$(SRCROOT)\"",
				);
				INFOPLIST_FILE = DictApp/Resources/Info.plist;
				IPHONEOS_DEPLOYMENT_TARGET = 7.0;
				LD_RUNPATH_SEARCH_PATHS = "$(inherited) @executable_path/Frameworks";
				OTHER_LDFLAGS = (
					"$(inherited)",
					"-force_load",
					"\"$(SRCROOT)/calabash.framework/calabash\"",
					"-lstdc++",
				);
				PRODUCT_BUNDLE_IDENTIFIER = "ru.alosha.$(PRODUCT_NAME:rfc1034identifier)";
				PRODUCT_NAME = "$(TARGET_NAME)";
				PROVISIONING_PROFILE = "5e5d2cca-d46b-4d70-9c3a-e3013a51127a";
			};
			name = Debug;
		};
/* End XCBuildConfiguration section */

/* Begin XCConfigurationList section */
		3aa74ed6149eb5defef51fe7 /* Build configuration list for PBXNativeTarget "DictApp-cal" */ = {
			isa = XCConfigurationList;
			buildConfigurations = (
				f0738cf0e9569bf06e89a5e1 /* Debug */,
				c3ac0db9069dae8ecead1774 /* Release */,
			);
			defaultConfigurationIsVisible = 0;
			defaultConfigurationName = Release;
		};
		6735CD7B1D47F67300D7216A /* Build configuration list for PBXNativeTarget "App_UITests" */ = {
			isa = XCConfigurationList;
			buildConfigurations = (
				6735CD7C1D47F67300D7216A /* Debug */,
				6735CD7D1D47F67300D7216A /* Release */,
			);
			defaultConfigurationIsVisible = 0;
			defaultConfigurationName = Release;
		};
		679BE51A1D4A0E94004F802E /* Build configuration list for PBXNativeTarget "App_UnitTests" */ = {
			isa = XCConfigurationList;
			buildConfigurations = (
				679BE5181D4A0E94004F802E /* Debug */,
				679BE5191D4A0E94004F802E /* Release */,
			);
			defaultConfigurationIsVisible = 0;
			defaultConfigurationName = Release;
		};
		679BE5361D4A11BC004F802E /* Build configuration list for PBXNativeTarget "Cedar_UnitTest" */ = {
			isa = XCConfigurationList;
			buildConfigurations = (
				679BE5371D4A11BC004F802E /* Debug */,
				679BE5381D4A11BC004F802E /* Release */,
			);
			defaultConfigurationIsVisible = 0;
			defaultConfigurationName = Release;
		};
		FAFDA5691A26745A00377585 /* Build configuration list for PBXProject "DictApp" */ = {
			isa = XCConfigurationList;
			buildConfigurations = (
				FAFDA58F1A26745A00377585 /* Debug */,
				FAFDA5901A26745A00377585 /* Release */,
			);
			defaultConfigurationIsVisible = 0;
			defaultConfigurationName = Release;
		};
		FAFDA5911A26745A00377585 /* Build configuration list for PBXNativeTarget "DictApp" */ = {
			isa = XCConfigurationList;
			buildConfigurations = (
				FAFDA5921A26745A00377585 /* Debug */,
				FAFDA5931A26745A00377585 /* Release */,
			);
			defaultConfigurationIsVisible = 0;
			defaultConfigurationName = Release;
		};
/* End XCConfigurationList section */
	};
	rootObject = FAFDA5661A26745A00377585 /* Project object */;
}
